
Microsoft Visual Studio Solution File, Format Version 12.00
# Visual Studio Version 17
VisualStudioVersion = 17.2.32602.215
MinimumVisualStudioVersion = 10.0.40219.1
Project("{FAE04EC0-301F-11D3-BF4B-00C04F79EFBC}") = "ObjectOrientedPrograms", "ObjectOrientedPrograms\ObjectOrientedPrograms.csproj", "{510E0DE7-F90F-4AB2-870B-0010082F5110}"
EndProject
Global
	GlobalSection(SolutionConfigurationPlatforms) = preSolution
		Debug|Any CPU = Debug|Any CPU
		Release|Any CPU = Release|Any CPU
	EndGlobalSection
	GlobalSection(ProjectConfigurationPlatforms) = postSolution
		{510E0DE7-F90F-4AB2-870B-0010082F5110}.Debug|Any CPU.ActiveCfg = Debug|Any CPU
		{510E0DE7-F90F-4AB2-870B-0010082F5110}.Debug|Any CPU.Build.0 = Debug|Any CPU
		{510E0DE7-F90F-4AB2-870B-0010082F5110}.Release|Any CPU.ActiveCfg = Release|Any CPU
		{510E0DE7-F90F-4AB2-870B-0010082F5110}.Release|Any CPU.Build.0 = Release|Any CPU
	EndGlobalSection
	GlobalSection(SolutionProperties) = preSolution
		HideSolutionNode = FALSE
	EndGlobalSection
	GlobalSection(ExtensibilityGlobals) = postSolution
		SolutionGuid = {C38ADEE7-28BF-4A71-A72E-BDFDC48D2AD0}
	EndGlobalSection
EndGlobal
